
Microsoft Visual Studio Solution File, Format Version 12.00
Project("{FAE04EC0-301F-11D3-BF4B-00C04F79EFBC}") = "dssdasd", "dssdasd\dssdasd.csproj", "{C1FF3A15-9A96-4253-BB29-8D160B9DAD6C}"
EndProject
Global
	GlobalSection(SolutionConfigurationPlatforms) = preSolution
		Debug|Any CPU = Debug|Any CPU
		Release|Any CPU = Release|Any CPU
	EndGlobalSection
	GlobalSection(ProjectConfigurationPlatforms) = postSolution
		{C1FF3A15-9A96-4253-BB29-8D160B9DAD6C}.Debug|Any CPU.ActiveCfg = Debug|Any CPU
		{C1FF3A15-9A96-4253-BB29-8D160B9DAD6C}.Debug|Any CPU.Build.0 = Debug|Any CPU
		{C1FF3A15-9A96-4253-BB29-8D160B9DAD6C}.Release|Any CPU.ActiveCfg = Release|Any CPU
		{C1FF3A15-9A96-4253-BB29-8D160B9DAD6C}.Release|Any CPU.Build.0 = Release|Any CPU
	EndGlobalSection
EndGlobal
